// !$*UTF8*$!
{
	archiveVersion = 1;
	classes = {
	};
	objectVersion = 46;
	objects = {

/* Begin PBXBuildFile section */
		89EFB3E515926DAC00D09240 /* UIKit.framework in Frameworks */ = {isa = PBXBuildFile; fileRef = 89EFB3E415926DAC00D09240 /* UIKit.framework */; };
		89EFB3E715926DAC00D09240 /* Foundation.framework in Frameworks */ = {isa = PBXBuildFile; fileRef = 89EFB3E615926DAC00D09240 /* Foundation.framework */; };
		89EFB3E915926DAC00D09240 /* CoreGraphics.framework in Frameworks */ = {isa = PBXBuildFile; fileRef = 89EFB3E815926DAC00D09240 /* CoreGraphics.framework */; };
		89EFB3EF15926DAC00D09240 /* InfoPlist.strings in Resources */ = {isa = PBXBuildFile; fileRef = 89EFB3ED15926DAC00D09240 /* InfoPlist.strings */; };
		89EFB3F115926DAC00D09240 /* main.m in Sources */ = {isa = PBXBuildFile; fileRef = 89EFB3F015926DAC00D09240 /* main.m */; };
		89EFB3F515926DAD00D09240 /* SixisAppDelegate.m in Sources */ = {isa = PBXBuildFile; fileRef = 89EFB3F415926DAD00D09240 /* SixisAppDelegate.m */; };
		89EFB3FE15926F0A00D09240 /* SixisChoosePlayerNumberViewController.m in Sources */ = {isa = PBXBuildFile; fileRef = 89EFB3FC15926F0A00D09240 /* SixisChoosePlayerNumberViewController.m */; };
		89EFB3FF15926F0A00D09240 /* SixisChoosePlayerNumberViewController.xib in Resources */ = {isa = PBXBuildFile; fileRef = 89EFB3FD15926F0A00D09240 /* SixisChoosePlayerNumberViewController.xib */; };
		89EFB407159572F800D09240 /* SixisTeamOrNotViewController.m in Sources */ = {isa = PBXBuildFile; fileRef = 89EFB405159572F800D09240 /* SixisTeamOrNotViewController.m */; };
		89EFB408159572F800D09240 /* SixisTeamOrNotViewController.xib in Resources */ = {isa = PBXBuildFile; fileRef = 89EFB406159572F800D09240 /* SixisTeamOrNotViewController.xib */; };
		89EFB4111595771B00D09240 /* SixisGameLengthViewController.m in Sources */ = {isa = PBXBuildFile; fileRef = 89EFB40F1595771B00D09240 /* SixisGameLengthViewController.m */; };
		89EFB4121595771B00D09240 /* SixisGameLengthViewController.xib in Resources */ = {isa = PBXBuildFile; fileRef = 89EFB4101595771B00D09240 /* SixisGameLengthViewController.xib */; };
		89EFB4151595793600D09240 /* SixisPlayerSetupCell.m in Sources */ = {isa = PBXBuildFile; fileRef = 89EFB4141595793600D09240 /* SixisPlayerSetupCell.m */; };
		89EFB41A15963B7100D09240 /* SixisGameType.m in Sources */ = {isa = PBXBuildFile; fileRef = 89EFB41915963B7100D09240 /* SixisGameType.m */; };
		89EFB41D15963BB000D09240 /* SixisPointsGame.m in Sources */ = {isa = PBXBuildFile; fileRef = 89EFB41C15963BB000D09240 /* SixisPointsGame.m */; };
		89EFB42015963BBB00D09240 /* SixisRoundsGame.m in Sources */ = {isa = PBXBuildFile; fileRef = 89EFB41F15963BBB00D09240 /* SixisRoundsGame.m */; };
		89EFB42315963E9300D09240 /* SixisPlayersType.m in Sources */ = {isa = PBXBuildFile; fileRef = 89EFB42215963E9300D09240 /* SixisPlayersType.m */; };
		89EFB42615963ED600D09240 /* SixisTwoPlayers.m in Sources */ = {isa = PBXBuildFile; fileRef = 89EFB42515963ED500D09240 /* SixisTwoPlayers.m */; };
		89EFB42915963EE300D09240 /* SixisThreePlayers.m in Sources */ = {isa = PBXBuildFile; fileRef = 89EFB42815963EE300D09240 /* SixisThreePlayers.m */; };
		89EFB42C15963EED00D09240 /* SixisFourPlayers.m in Sources */ = {isa = PBXBuildFile; fileRef = 89EFB42B15963EED00D09240 /* SixisFourPlayers.m */; };
		89EFB432159641D900D09240 /* SixisPlayer.m in Sources */ = {isa = PBXBuildFile; fileRef = 89EFB431159641D800D09240 /* SixisPlayer.m */; };
		89EFB435159641EE00D09240 /* SixisHuman.m in Sources */ = {isa = PBXBuildFile; fileRef = 89EFB434159641ED00D09240 /* SixisHuman.m */; };
		89EFB438159641F800D09240 /* SixisRobot.m in Sources */ = {isa = PBXBuildFile; fileRef = 89EFB437159641F700D09240 /* SixisRobot.m */; };
		89EFB43F1596435900D09240 /* SixisGame.m in Sources */ = {isa = PBXBuildFile; fileRef = 89EFB43E1596435900D09240 /* SixisGame.m */; };
		89EFB442159646A300D09240 /* SixisNewGameInfo.m in Sources */ = {isa = PBXBuildFile; fileRef = 89EFB441159646A300D09240 /* SixisNewGameInfo.m */; };
		89EFB44815968EB000D09240 /* SixisPlayerSetupViewController.m in Sources */ = {isa = PBXBuildFile; fileRef = 89EFB44615968EAF00D09240 /* SixisPlayerSetupViewController.m */; };
		89EFB44915968EB000D09240 /* SixisPlayerSetupViewController.xib in Resources */ = {isa = PBXBuildFile; fileRef = 89EFB44715968EB000D09240 /* SixisPlayerSetupViewController.xib */; };
		89EFB44B1596B22200D09240 /* SixisPlayerSetupCell.xib in Resources */ = {isa = PBXBuildFile; fileRef = 89EFB44A1596B22200D09240 /* SixisPlayerSetupCell.xib */; };
		89EFB455159A21F100D09240 /* SixisDie.m in Sources */ = {isa = PBXBuildFile; fileRef = 89EFB454159A21EE00D09240 /* SixisDie.m */; };
		89EFB458159A2A4B00D09240 /* SixisCard.m in Sources */ = {isa = PBXBuildFile; fileRef = 89EFB457159A2A4900D09240 /* SixisCard.m */; };
		89EFB45C159A3B4A00D09240 /* SixisCardDoubleOnes.m in Sources */ = {isa = PBXBuildFile; fileRef = 89EFB45B159A3B4A00D09240 /* SixisCardDoubleOnes.m */; };
		89EFB45F159A49E500D09240 /* SixisCardFourOnes.m in Sources */ = {isa = PBXBuildFile; fileRef = 89EFB45E159A49E500D09240 /* SixisCardFourOnes.m */; };
		89EFB462159A4A5A00D09240 /* SixisCardSixis.m in Sources */ = {isa = PBXBuildFile; fileRef = 89EFB461159A4A5A00D09240 /* SixisCardSixis.m */; };
		89EFB465159A4A9B00D09240 /* SixisCardDoubleTwos.m in Sources */ = {isa = PBXBuildFile; fileRef = 89EFB464159A4A9B00D09240 /* SixisCardDoubleTwos.m */; };
		89EFB468159A4AA600D09240 /* SixisCardFourTwos.m in Sources */ = {isa = PBXBuildFile; fileRef = 89EFB467159A4AA500D09240 /* SixisCardFourTwos.m */; };
		89EFB48415A3BC2C00D09240 /* SixisCardThreeOfAKind.m in Sources */ = {isa = PBXBuildFile; fileRef = 89EFB48315A3BC2C00D09240 /* SixisCardThreeOfAKind.m */; };
		89EFB48815A3BD2500D09240 /* SixisCardFullHouse.m in Sources */ = {isa = PBXBuildFile; fileRef = 89EFB48715A3BD2500D09240 /* SixisCardFullHouse.m */; };
		89EFB48B15A3CE2300D09240 /* SixisCardVeryLow.m in Sources */ = {isa = PBXBuildFile; fileRef = 89EFB48A15A3CE2300D09240 /* SixisCardVeryLow.m */; };
		89EFB48E15A3D30D00D09240 /* SixisCardLow.m in Sources */ = {isa = PBXBuildFile; fileRef = 89EFB48D15A3D30D00D09240 /* SixisCardLow.m */; };
		89EFB49115A3D58700D09240 /* SixisCardVeryHigh.m in Sources */ = {isa = PBXBuildFile; fileRef = 89EFB49015A3D58700D09240 /* SixisCardVeryHigh.m */; };
		89EFB49415A3D6E800D09240 /* SixisCardHigh.m in Sources */ = {isa = PBXBuildFile; fileRef = 89EFB49315A3D6E800D09240 /* SixisCardHigh.m */; };
		89EFB49715A3DB0800D09240 /* SixisCardThreePair.m in Sources */ = {isa = PBXBuildFile; fileRef = 89EFB49615A3DB0800D09240 /* SixisCardThreePair.m */; };
		89EFB49A15A3E17400D09240 /* SixisCardTwoPair.m in Sources */ = {isa = PBXBuildFile; fileRef = 89EFB49915A3E17400D09240 /* SixisCardTwoPair.m */; };
		89EFB49D15A3E1FE00D09240 /* SixisCardAllDiceEven.m in Sources */ = {isa = PBXBuildFile; fileRef = 89EFB49C15A3E1FE00D09240 /* SixisCardAllDiceEven.m */; };
		89EFB4A015A3EBBF00D09240 /* SixisCardOneThreeFive.m in Sources */ = {isa = PBXBuildFile; fileRef = 89EFB49F15A3EBBF00D09240 /* SixisCardOneThreeFive.m */; };
		89EFB4A315A3ECC100D09240 /* SixisCardAllDiceOdd.m in Sources */ = {isa = PBXBuildFile; fileRef = 89EFB4A215A3ECC100D09240 /* SixisCardAllDiceOdd.m */; };
		89EFB4A615A3EE5B00D09240 /* SixisTwoFourSix.m in Sources */ = {isa = PBXBuildFile; fileRef = 89EFB4A515A3EE5B00D09240 /* SixisTwoFourSix.m */; };
		89EFB4A915A3EF0700D09240 /* SixisCardRun12345.m in Sources */ = {isa = PBXBuildFile; fileRef = 89EFB4A815A3EF0700D09240 /* SixisCardRun12345.m */; };
		89EFB4AC15A3F18300D09240 /* SixisCardRun23456.m in Sources */ = {isa = PBXBuildFile; fileRef = 89EFB4AB15A3F18200D09240 /* SixisCardRun23456.m */; };
		89EFB4AF15A3F1AC00D09240 /* SixisCardRun123.m in Sources */ = {isa = PBXBuildFile; fileRef = 89EFB4AE15A3F1AC00D09240 /* SixisCardRun123.m */; };
		89EFB4B215A3F20300D09240 /* SixisCardRun456.m in Sources */ = {isa = PBXBuildFile; fileRef = 89EFB4B115A3F20200D09240 /* SixisCardRun456.m */; };
		89EFB4B815A4947400D09240 /* SixisCardTwosAndFives.m in Sources */ = {isa = PBXBuildFile; fileRef = 89EFB4B715A4947200D09240 /* SixisCardTwosAndFives.m */; };
		89EFB4BB15A4953D00D09240 /* SixisCardOnesAndSixes.m in Sources */ = {isa = PBXBuildFile; fileRef = 89EFB4BA15A4953C00D09240 /* SixisCardOnesAndSixes.m */; };
		89EFB4BE15A4956100D09240 /* SixisCardOneAndSix.m in Sources */ = {isa = PBXBuildFile; fileRef = 89EFB4BD15A4956000D09240 /* SixisCardOneAndSix.m */; };
		89EFB4C115A4969700D09240 /* SixisCardTwoAndFive.m in Sources */ = {isa = PBXBuildFile; fileRef = 89EFB4C015A4969600D09240 /* SixisCardTwoAndFive.m */; };
		89EFB4C415A496C700D09240 /* SixisCardThreeAndFour.m in Sources */ = {isa = PBXBuildFile; fileRef = 89EFB4C315A496C600D09240 /* SixisCardThreeAndFour.m */; };
		89EFB4C615A497F200D09240 /* SixisCardThreesAndFours.m in Sources */ = {isa = PBXBuildFile; fileRef = 89EFB4C515A497F000D09240 /* SixisCardThreesAndFours.m */; };
		89EFB4D315A499A800D09240 /* SixisCardFourFours.m in Sources */ = {isa = PBXBuildFile; fileRef = 89EFB4D215A499A800D09240 /* SixisCardFourFours.m */; };
		89EFB4D715A499C400D09240 /* SixisCardFourFives.m in Sources */ = {isa = PBXBuildFile; fileRef = 89EFB4D615A499C400D09240 /* SixisCardFourFives.m */; };
		89EFB4DA15A499E900D09240 /* SixisCardFourSixes.m in Sources */ = {isa = PBXBuildFile; fileRef = 89EFB4D915A499E800D09240 /* SixisCardFourSixes.m */; };
		89EFB4DD15A49A5700D09240 /* SixisCardDoubleThrees.m in Sources */ = {isa = PBXBuildFile; fileRef = 89EFB4DC15A49A5700D09240 /* SixisCardDoubleThrees.m */; };
		89EFB4E015A49A9F00D09240 /* SixisCardDoubleFours.m in Sources */ = {isa = PBXBuildFile; fileRef = 89EFB4DF15A49A9E00D09240 /* SixisCardDoubleFours.m */; };
		89EFB4E315A49AC800D09240 /* SixisCardDoubleFives.m in Sources */ = {isa = PBXBuildFile; fileRef = 89EFB4E215A49AC700D09240 /* SixisCardDoubleFives.m */; };
		89EFB4E615A49AED00D09240 /* SixisCardDoubleSixes.m in Sources */ = {isa = PBXBuildFile; fileRef = 89EFB4E515A49AEC00D09240 /* SixisCardDoubleSixes.m */; };
		89EFB4E915A49C0F00D09240 /* SixisCardFourThrees.m in Sources */ = {isa = PBXBuildFile; fileRef = 89EFB4E815A49C0E00D09240 /* SixisCardFourThrees.m */; };
		89EFB4EC15A4D30700D09240 /* SixisCardTwoFourSix.m in Sources */ = {isa = PBXBuildFile; fileRef = 89EFB4EB15A4D30500D09240 /* SixisCardTwoFourSix.m */; };
		89EFB4FB15A50B7100D09240 /* SenTestingKit.framework in Frameworks */ = {isa = PBXBuildFile; fileRef = 89EFB4FA15A50B7000D09240 /* SenTestingKit.framework */; };
		89EFB4FC15A50B7100D09240 /* UIKit.framework in Frameworks */ = {isa = PBXBuildFile; fileRef = 89EFB3E415926DAC00D09240 /* UIKit.framework */; };
		89EFB4FD15A50B7100D09240 /* Foundation.framework in Frameworks */ = {isa = PBXBuildFile; fileRef = 89EFB3E615926DAC00D09240 /* Foundation.framework */; };
		89EFB50315A50B7100D09240 /* InfoPlist.strings in Resources */ = {isa = PBXBuildFile; fileRef = 89EFB50115A50B7100D09240 /* InfoPlist.strings */; };
		89EFB50615A50B7100D09240 /* SixisLogicTests.m in Sources */ = {isa = PBXBuildFile; fileRef = 89EFB50515A50B7100D09240 /* SixisLogicTests.m */; };
/* End PBXBuildFile section */

/* Begin PBXContainerItemProxy section */
		8943560015A5E97D009E3C79 /* PBXContainerItemProxy */ = {
			isa = PBXContainerItemProxy;
			containerPortal = 89EFB3D715926DAC00D09240 /* Project object */;
			proxyType = 1;
			remoteGlobalIDString = 89EFB3DF15926DAC00D09240;
			remoteInfo = Sixis;
		};
/* End PBXContainerItemProxy section */

/* Begin PBXFileReference section */
		89EFB3E015926DAC00D09240 /* Sixis.app */ = {isa = PBXFileReference; explicitFileType = wrapper.application; includeInIndex = 0; path = Sixis.app; sourceTree = BUILT_PRODUCTS_DIR; };
		89EFB3E415926DAC00D09240 /* UIKit.framework */ = {isa = PBXFileReference; lastKnownFileType = wrapper.framework; name = UIKit.framework; path = System/Library/Frameworks/UIKit.framework; sourceTree = SDKROOT; };
		89EFB3E615926DAC00D09240 /* Foundation.framework */ = {isa = PBXFileReference; lastKnownFileType = wrapper.framework; name = Foundation.framework; path = System/Library/Frameworks/Foundation.framework; sourceTree = SDKROOT; };
		89EFB3E815926DAC00D09240 /* CoreGraphics.framework */ = {isa = PBXFileReference; lastKnownFileType = wrapper.framework; name = CoreGraphics.framework; path = System/Library/Frameworks/CoreGraphics.framework; sourceTree = SDKROOT; };
		89EFB3EC15926DAC00D09240 /* Sixis-Info.plist */ = {isa = PBXFileReference; lastKnownFileType = text.plist.xml; path = "Sixis-Info.plist"; sourceTree = "<group>"; };
		89EFB3EE15926DAC00D09240 /* en */ = {isa = PBXFileReference; lastKnownFileType = text.plist.strings; name = en; path = en.lproj/InfoPlist.strings; sourceTree = "<group>"; };
		89EFB3F015926DAC00D09240 /* main.m */ = {isa = PBXFileReference; lastKnownFileType = sourcecode.c.objc; path = main.m; sourceTree = "<group>"; };
		89EFB3F215926DAD00D09240 /* Sixis-Prefix.pch */ = {isa = PBXFileReference; lastKnownFileType = sourcecode.c.h; path = "Sixis-Prefix.pch"; sourceTree = "<group>"; };
		89EFB3F315926DAD00D09240 /* SixisAppDelegate.h */ = {isa = PBXFileReference; lastKnownFileType = sourcecode.c.h; path = SixisAppDelegate.h; sourceTree = "<group>"; };
		89EFB3F415926DAD00D09240 /* SixisAppDelegate.m */ = {isa = PBXFileReference; lastKnownFileType = sourcecode.c.objc; path = SixisAppDelegate.m; sourceTree = "<group>"; };
		89EFB3FB15926F0A00D09240 /* SixisChoosePlayerNumberViewController.h */ = {isa = PBXFileReference; fileEncoding = 4; lastKnownFileType = sourcecode.c.h; path = SixisChoosePlayerNumberViewController.h; sourceTree = "<group>"; };
		89EFB3FC15926F0A00D09240 /* SixisChoosePlayerNumberViewController.m */ = {isa = PBXFileReference; fileEncoding = 4; lastKnownFileType = sourcecode.c.objc; path = SixisChoosePlayerNumberViewController.m; sourceTree = "<group>"; };
		89EFB3FD15926F0A00D09240 /* SixisChoosePlayerNumberViewController.xib */ = {isa = PBXFileReference; fileEncoding = 4; lastKnownFileType = file.xib; path = SixisChoosePlayerNumberViewController.xib; sourceTree = "<group>"; };
		89EFB404159572F800D09240 /* SixisTeamOrNotViewController.h */ = {isa = PBXFileReference; fileEncoding = 4; lastKnownFileType = sourcecode.c.h; path = SixisTeamOrNotViewController.h; sourceTree = "<group>"; };
		89EFB405159572F800D09240 /* SixisTeamOrNotViewController.m */ = {isa = PBXFileReference; fileEncoding = 4; lastKnownFileType = sourcecode.c.objc; path = SixisTeamOrNotViewController.m; sourceTree = "<group>"; };
		89EFB406159572F800D09240 /* SixisTeamOrNotViewController.xib */ = {isa = PBXFileReference; fileEncoding = 4; lastKnownFileType = file.xib; path = SixisTeamOrNotViewController.xib; sourceTree = "<group>"; };
		89EFB40E1595771B00D09240 /* SixisGameLengthViewController.h */ = {isa = PBXFileReference; fileEncoding = 4; lastKnownFileType = sourcecode.c.h; path = SixisGameLengthViewController.h; sourceTree = "<group>"; };
		89EFB40F1595771B00D09240 /* SixisGameLengthViewController.m */ = {isa = PBXFileReference; fileEncoding = 4; lastKnownFileType = sourcecode.c.objc; path = SixisGameLengthViewController.m; sourceTree = "<group>"; };
		89EFB4101595771B00D09240 /* SixisGameLengthViewController.xib */ = {isa = PBXFileReference; fileEncoding = 4; lastKnownFileType = file.xib; path = SixisGameLengthViewController.xib; sourceTree = "<group>"; };
		89EFB4131595793600D09240 /* SixisPlayerSetupCell.h */ = {isa = PBXFileReference; fileEncoding = 4; lastKnownFileType = sourcecode.c.h; name = SixisPlayerSetupCell.h; path = ../SixisPlayerSetupCell.h; sourceTree = "<group>"; };
		89EFB4141595793600D09240 /* SixisPlayerSetupCell.m */ = {isa = PBXFileReference; fileEncoding = 4; lastKnownFileType = sourcecode.c.objc; name = SixisPlayerSetupCell.m; path = ../SixisPlayerSetupCell.m; sourceTree = "<group>"; };
		89EFB41815963B7100D09240 /* SixisGameType.h */ = {isa = PBXFileReference; fileEncoding = 4; lastKnownFileType = sourcecode.c.h; path = SixisGameType.h; sourceTree = "<group>"; };
		89EFB41915963B7100D09240 /* SixisGameType.m */ = {isa = PBXFileReference; fileEncoding = 4; lastKnownFileType = sourcecode.c.objc; path = SixisGameType.m; sourceTree = "<group>"; };
		89EFB41B15963BAF00D09240 /* SixisPointsGame.h */ = {isa = PBXFileReference; fileEncoding = 4; lastKnownFileType = sourcecode.c.h; path = SixisPointsGame.h; sourceTree = "<group>"; };
		89EFB41C15963BB000D09240 /* SixisPointsGame.m */ = {isa = PBXFileReference; fileEncoding = 4; lastKnownFileType = sourcecode.c.objc; path = SixisPointsGame.m; sourceTree = "<group>"; };
		89EFB41E15963BBB00D09240 /* SixisRoundsGame.h */ = {isa = PBXFileReference; fileEncoding = 4; lastKnownFileType = sourcecode.c.h; path = SixisRoundsGame.h; sourceTree = "<group>"; };
		89EFB41F15963BBB00D09240 /* SixisRoundsGame.m */ = {isa = PBXFileReference; fileEncoding = 4; lastKnownFileType = sourcecode.c.objc; path = SixisRoundsGame.m; sourceTree = "<group>"; };
		89EFB42115963E9300D09240 /* SixisPlayersType.h */ = {isa = PBXFileReference; fileEncoding = 4; lastKnownFileType = sourcecode.c.h; path = SixisPlayersType.h; sourceTree = "<group>"; };
		89EFB42215963E9300D09240 /* SixisPlayersType.m */ = {isa = PBXFileReference; fileEncoding = 4; lastKnownFileType = sourcecode.c.objc; path = SixisPlayersType.m; sourceTree = "<group>"; };
		89EFB42415963ED500D09240 /* SixisTwoPlayers.h */ = {isa = PBXFileReference; fileEncoding = 4; lastKnownFileType = sourcecode.c.h; path = SixisTwoPlayers.h; sourceTree = "<group>"; };
		89EFB42515963ED500D09240 /* SixisTwoPlayers.m */ = {isa = PBXFileReference; fileEncoding = 4; lastKnownFileType = sourcecode.c.objc; path = SixisTwoPlayers.m; sourceTree = "<group>"; };
		89EFB42715963EE200D09240 /* SixisThreePlayers.h */ = {isa = PBXFileReference; fileEncoding = 4; lastKnownFileType = sourcecode.c.h; path = SixisThreePlayers.h; sourceTree = "<group>"; };
		89EFB42815963EE300D09240 /* SixisThreePlayers.m */ = {isa = PBXFileReference; fileEncoding = 4; lastKnownFileType = sourcecode.c.objc; path = SixisThreePlayers.m; sourceTree = "<group>"; };
		89EFB42A15963EED00D09240 /* SixisFourPlayers.h */ = {isa = PBXFileReference; fileEncoding = 4; lastKnownFileType = sourcecode.c.h; path = SixisFourPlayers.h; sourceTree = "<group>"; };
		89EFB42B15963EED00D09240 /* SixisFourPlayers.m */ = {isa = PBXFileReference; fileEncoding = 4; lastKnownFileType = sourcecode.c.objc; path = SixisFourPlayers.m; sourceTree = "<group>"; };
		89EFB430159641D800D09240 /* SixisPlayer.h */ = {isa = PBXFileReference; fileEncoding = 4; lastKnownFileType = sourcecode.c.h; path = SixisPlayer.h; sourceTree = "<group>"; };
		89EFB431159641D800D09240 /* SixisPlayer.m */ = {isa = PBXFileReference; fileEncoding = 4; lastKnownFileType = sourcecode.c.objc; path = SixisPlayer.m; sourceTree = "<group>"; };
		89EFB433159641ED00D09240 /* SixisHuman.h */ = {isa = PBXFileReference; fileEncoding = 4; lastKnownFileType = sourcecode.c.h; path = SixisHuman.h; sourceTree = "<group>"; };
		89EFB434159641ED00D09240 /* SixisHuman.m */ = {isa = PBXFileReference; fileEncoding = 4; lastKnownFileType = sourcecode.c.objc; path = SixisHuman.m; sourceTree = "<group>"; };
		89EFB436159641F700D09240 /* SixisRobot.h */ = {isa = PBXFileReference; fileEncoding = 4; lastKnownFileType = sourcecode.c.h; path = SixisRobot.h; sourceTree = "<group>"; };
		89EFB437159641F700D09240 /* SixisRobot.m */ = {isa = PBXFileReference; fileEncoding = 4; lastKnownFileType = sourcecode.c.objc; path = SixisRobot.m; sourceTree = "<group>"; };
		89EFB43D1596435900D09240 /* SixisGame.h */ = {isa = PBXFileReference; fileEncoding = 4; lastKnownFileType = sourcecode.c.h; path = SixisGame.h; sourceTree = "<group>"; };
		89EFB43E1596435900D09240 /* SixisGame.m */ = {isa = PBXFileReference; fileEncoding = 4; lastKnownFileType = sourcecode.c.objc; path = SixisGame.m; sourceTree = "<group>"; };
		89EFB440159646A300D09240 /* SixisNewGameInfo.h */ = {isa = PBXFileReference; fileEncoding = 4; lastKnownFileType = sourcecode.c.h; path = SixisNewGameInfo.h; sourceTree = "<group>"; };
		89EFB441159646A300D09240 /* SixisNewGameInfo.m */ = {isa = PBXFileReference; fileEncoding = 4; lastKnownFileType = sourcecode.c.objc; path = SixisNewGameInfo.m; sourceTree = "<group>"; };
		89EFB44515968EAF00D09240 /* SixisPlayerSetupViewController.h */ = {isa = PBXFileReference; fileEncoding = 4; lastKnownFileType = sourcecode.c.h; path = SixisPlayerSetupViewController.h; sourceTree = "<group>"; };
		89EFB44615968EAF00D09240 /* SixisPlayerSetupViewController.m */ = {isa = PBXFileReference; fileEncoding = 4; lastKnownFileType = sourcecode.c.objc; path = SixisPlayerSetupViewController.m; sourceTree = "<group>"; };
		89EFB44715968EB000D09240 /* SixisPlayerSetupViewController.xib */ = {isa = PBXFileReference; fileEncoding = 4; lastKnownFileType = file.xib; path = SixisPlayerSetupViewController.xib; sourceTree = "<group>"; };
		89EFB44A1596B22200D09240 /* SixisPlayerSetupCell.xib */ = {isa = PBXFileReference; fileEncoding = 4; lastKnownFileType = file.xib; path = SixisPlayerSetupCell.xib; sourceTree = "<group>"; };
		89EFB453159A21EC00D09240 /* SixisDie.h */ = {isa = PBXFileReference; fileEncoding = 4; lastKnownFileType = sourcecode.c.h; path = SixisDie.h; sourceTree = "<group>"; };
		89EFB454159A21EE00D09240 /* SixisDie.m */ = {isa = PBXFileReference; fileEncoding = 4; lastKnownFileType = sourcecode.c.objc; path = SixisDie.m; sourceTree = "<group>"; };
		89EFB456159A2A4800D09240 /* SixisCard.h */ = {isa = PBXFileReference; fileEncoding = 4; lastKnownFileType = sourcecode.c.h; path = SixisCard.h; sourceTree = "<group>"; };
		89EFB457159A2A4900D09240 /* SixisCard.m */ = {isa = PBXFileReference; fileEncoding = 4; lastKnownFileType = sourcecode.c.objc; path = SixisCard.m; sourceTree = "<group>"; };
		89EFB45A159A3B4A00D09240 /* SixisCardDoubleOnes.h */ = {isa = PBXFileReference; fileEncoding = 4; lastKnownFileType = sourcecode.c.h; path = SixisCardDoubleOnes.h; sourceTree = "<group>"; };
		89EFB45B159A3B4A00D09240 /* SixisCardDoubleOnes.m */ = {isa = PBXFileReference; fileEncoding = 4; lastKnownFileType = sourcecode.c.objc; path = SixisCardDoubleOnes.m; sourceTree = "<group>"; };
		89EFB45D159A49E500D09240 /* SixisCardFourOnes.h */ = {isa = PBXFileReference; fileEncoding = 4; lastKnownFileType = sourcecode.c.h; path = SixisCardFourOnes.h; sourceTree = "<group>"; };
		89EFB45E159A49E500D09240 /* SixisCardFourOnes.m */ = {isa = PBXFileReference; fileEncoding = 4; lastKnownFileType = sourcecode.c.objc; path = SixisCardFourOnes.m; sourceTree = "<group>"; };
		89EFB460159A4A5A00D09240 /* SixisCardSixis.h */ = {isa = PBXFileReference; fileEncoding = 4; lastKnownFileType = sourcecode.c.h; path = SixisCardSixis.h; sourceTree = "<group>"; };
		89EFB461159A4A5A00D09240 /* SixisCardSixis.m */ = {isa = PBXFileReference; fileEncoding = 4; lastKnownFileType = sourcecode.c.objc; path = SixisCardSixis.m; sourceTree = "<group>"; };
		89EFB463159A4A9B00D09240 /* SixisCardDoubleTwos.h */ = {isa = PBXFileReference; fileEncoding = 4; lastKnownFileType = sourcecode.c.h; path = SixisCardDoubleTwos.h; sourceTree = "<group>"; };
		89EFB464159A4A9B00D09240 /* SixisCardDoubleTwos.m */ = {isa = PBXFileReference; fileEncoding = 4; lastKnownFileType = sourcecode.c.objc; path = SixisCardDoubleTwos.m; sourceTree = "<group>"; };
		89EFB466159A4AA400D09240 /* SixisCardFourTwos.h */ = {isa = PBXFileReference; fileEncoding = 4; lastKnownFileType = sourcecode.c.h; path = SixisCardFourTwos.h; sourceTree = "<group>"; };
		89EFB467159A4AA500D09240 /* SixisCardFourTwos.m */ = {isa = PBXFileReference; fileEncoding = 4; lastKnownFileType = sourcecode.c.objc; path = SixisCardFourTwos.m; sourceTree = "<group>"; };
		89EFB48215A3BC2C00D09240 /* SixisCardThreeOfAKind.h */ = {isa = PBXFileReference; fileEncoding = 4; lastKnownFileType = sourcecode.c.h; path = SixisCardThreeOfAKind.h; sourceTree = "<group>"; };
		89EFB48315A3BC2C00D09240 /* SixisCardThreeOfAKind.m */ = {isa = PBXFileReference; fileEncoding = 4; lastKnownFileType = sourcecode.c.objc; path = SixisCardThreeOfAKind.m; sourceTree = "<group>"; };
		89EFB48615A3BD2500D09240 /* SixisCardFullHouse.h */ = {isa = PBXFileReference; fileEncoding = 4; lastKnownFileType = sourcecode.c.h; path = SixisCardFullHouse.h; sourceTree = "<group>"; };
		89EFB48715A3BD2500D09240 /* SixisCardFullHouse.m */ = {isa = PBXFileReference; fileEncoding = 4; lastKnownFileType = sourcecode.c.objc; path = SixisCardFullHouse.m; sourceTree = "<group>"; };
		89EFB48915A3CE2200D09240 /* SixisCardVeryLow.h */ = {isa = PBXFileReference; fileEncoding = 4; lastKnownFileType = sourcecode.c.h; path = SixisCardVeryLow.h; sourceTree = "<group>"; };
		89EFB48A15A3CE2300D09240 /* SixisCardVeryLow.m */ = {isa = PBXFileReference; fileEncoding = 4; lastKnownFileType = sourcecode.c.objc; path = SixisCardVeryLow.m; sourceTree = "<group>"; };
		89EFB48C15A3D30D00D09240 /* SixisCardLow.h */ = {isa = PBXFileReference; fileEncoding = 4; lastKnownFileType = sourcecode.c.h; path = SixisCardLow.h; sourceTree = "<group>"; };
		89EFB48D15A3D30D00D09240 /* SixisCardLow.m */ = {isa = PBXFileReference; fileEncoding = 4; lastKnownFileType = sourcecode.c.objc; path = SixisCardLow.m; sourceTree = "<group>"; };
		89EFB48F15A3D58600D09240 /* SixisCardVeryHigh.h */ = {isa = PBXFileReference; fileEncoding = 4; lastKnownFileType = sourcecode.c.h; path = SixisCardVeryHigh.h; sourceTree = "<group>"; };
		89EFB49015A3D58700D09240 /* SixisCardVeryHigh.m */ = {isa = PBXFileReference; fileEncoding = 4; lastKnownFileType = sourcecode.c.objc; path = SixisCardVeryHigh.m; sourceTree = "<group>"; };
		89EFB49215A3D6E800D09240 /* SixisCardHigh.h */ = {isa = PBXFileReference; fileEncoding = 4; lastKnownFileType = sourcecode.c.h; path = SixisCardHigh.h; sourceTree = "<group>"; };
		89EFB49315A3D6E800D09240 /* SixisCardHigh.m */ = {isa = PBXFileReference; fileEncoding = 4; lastKnownFileType = sourcecode.c.objc; path = SixisCardHigh.m; sourceTree = "<group>"; };
		89EFB49515A3DB0800D09240 /* SixisCardThreePair.h */ = {isa = PBXFileReference; fileEncoding = 4; lastKnownFileType = sourcecode.c.h; path = SixisCardThreePair.h; sourceTree = "<group>"; };
		89EFB49615A3DB0800D09240 /* SixisCardThreePair.m */ = {isa = PBXFileReference; fileEncoding = 4; lastKnownFileType = sourcecode.c.objc; path = SixisCardThreePair.m; sourceTree = "<group>"; };
		89EFB49815A3E17400D09240 /* SixisCardTwoPair.h */ = {isa = PBXFileReference; fileEncoding = 4; lastKnownFileType = sourcecode.c.h; path = SixisCardTwoPair.h; sourceTree = "<group>"; };
		89EFB49915A3E17400D09240 /* SixisCardTwoPair.m */ = {isa = PBXFileReference; fileEncoding = 4; lastKnownFileType = sourcecode.c.objc; path = SixisCardTwoPair.m; sourceTree = "<group>"; };
		89EFB49B15A3E1FE00D09240 /* SixisCardAllDiceEven.h */ = {isa = PBXFileReference; fileEncoding = 4; lastKnownFileType = sourcecode.c.h; path = SixisCardAllDiceEven.h; sourceTree = "<group>"; };
		89EFB49C15A3E1FE00D09240 /* SixisCardAllDiceEven.m */ = {isa = PBXFileReference; fileEncoding = 4; lastKnownFileType = sourcecode.c.objc; path = SixisCardAllDiceEven.m; sourceTree = "<group>"; };
		89EFB49E15A3EBBF00D09240 /* SixisCardOneThreeFive.h */ = {isa = PBXFileReference; fileEncoding = 4; lastKnownFileType = sourcecode.c.h; path = SixisCardOneThreeFive.h; sourceTree = "<group>"; };
		89EFB49F15A3EBBF00D09240 /* SixisCardOneThreeFive.m */ = {isa = PBXFileReference; fileEncoding = 4; lastKnownFileType = sourcecode.c.objc; path = SixisCardOneThreeFive.m; sourceTree = "<group>"; };
		89EFB4A115A3ECC000D09240 /* SixisCardAllDiceOdd.h */ = {isa = PBXFileReference; fileEncoding = 4; lastKnownFileType = sourcecode.c.h; path = SixisCardAllDiceOdd.h; sourceTree = "<group>"; };
		89EFB4A215A3ECC100D09240 /* SixisCardAllDiceOdd.m */ = {isa = PBXFileReference; fileEncoding = 4; lastKnownFileType = sourcecode.c.objc; path = SixisCardAllDiceOdd.m; sourceTree = "<group>"; };
		89EFB4A415A3EE5A00D09240 /* SixisTwoFourSix.h */ = {isa = PBXFileReference; fileEncoding = 4; lastKnownFileType = sourcecode.c.h; path = SixisTwoFourSix.h; sourceTree = "<group>"; };
		89EFB4A515A3EE5B00D09240 /* SixisTwoFourSix.m */ = {isa = PBXFileReference; fileEncoding = 4; lastKnownFileType = sourcecode.c.objc; path = SixisTwoFourSix.m; sourceTree = "<group>"; };
		89EFB4A715A3EF0600D09240 /* SixisCardRun12345.h */ = {isa = PBXFileReference; fileEncoding = 4; lastKnownFileType = sourcecode.c.h; path = SixisCardRun12345.h; sourceTree = "<group>"; };
		89EFB4A815A3EF0700D09240 /* SixisCardRun12345.m */ = {isa = PBXFileReference; fileEncoding = 4; lastKnownFileType = sourcecode.c.objc; path = SixisCardRun12345.m; sourceTree = "<group>"; };
		89EFB4AA15A3F18200D09240 /* SixisCardRun23456.h */ = {isa = PBXFileReference; fileEncoding = 4; lastKnownFileType = sourcecode.c.h; path = SixisCardRun23456.h; sourceTree = "<group>"; };
		89EFB4AB15A3F18200D09240 /* SixisCardRun23456.m */ = {isa = PBXFileReference; fileEncoding = 4; lastKnownFileType = sourcecode.c.objc; path = SixisCardRun23456.m; sourceTree = "<group>"; };
		89EFB4AD15A3F1AB00D09240 /* SixisCardRun123.h */ = {isa = PBXFileReference; fileEncoding = 4; lastKnownFileType = sourcecode.c.h; path = SixisCardRun123.h; sourceTree = "<group>"; };
		89EFB4AE15A3F1AC00D09240 /* SixisCardRun123.m */ = {isa = PBXFileReference; fileEncoding = 4; lastKnownFileType = sourcecode.c.objc; path = SixisCardRun123.m; sourceTree = "<group>"; };
		89EFB4B015A3F20200D09240 /* SixisCardRun456.h */ = {isa = PBXFileReference; fileEncoding = 4; lastKnownFileType = sourcecode.c.h; path = SixisCardRun456.h; sourceTree = "<group>"; };
		89EFB4B115A3F20200D09240 /* SixisCardRun456.m */ = {isa = PBXFileReference; fileEncoding = 4; lastKnownFileType = sourcecode.c.objc; path = SixisCardRun456.m; sourceTree = "<group>"; };
		89EFB4B315A493CA00D09240 /* SixisCardThreesAndFours.h */ = {isa = PBXFileReference; fileEncoding = 4; lastKnownFileType = sourcecode.c.h; path = SixisCardThreesAndFours.h; sourceTree = "<group>"; };
		89EFB4B615A4947200D09240 /* SixisCardTwosAndFives.h */ = {isa = PBXFileReference; fileEncoding = 4; lastKnownFileType = sourcecode.c.h; path = SixisCardTwosAndFives.h; sourceTree = "<group>"; };
		89EFB4B715A4947200D09240 /* SixisCardTwosAndFives.m */ = {isa = PBXFileReference; fileEncoding = 4; lastKnownFileType = sourcecode.c.objc; path = SixisCardTwosAndFives.m; sourceTree = "<group>"; };
		89EFB4B915A4953B00D09240 /* SixisCardOnesAndSixes.h */ = {isa = PBXFileReference; fileEncoding = 4; lastKnownFileType = sourcecode.c.h; path = SixisCardOnesAndSixes.h; sourceTree = "<group>"; };
		89EFB4BA15A4953C00D09240 /* SixisCardOnesAndSixes.m */ = {isa = PBXFileReference; fileEncoding = 4; lastKnownFileType = sourcecode.c.objc; path = SixisCardOnesAndSixes.m; sourceTree = "<group>"; };
		89EFB4BC15A4955F00D09240 /* SixisCardOneAndSix.h */ = {isa = PBXFileReference; fileEncoding = 4; lastKnownFileType = sourcecode.c.h; path = SixisCardOneAndSix.h; sourceTree = "<group>"; };
		89EFB4BD15A4956000D09240 /* SixisCardOneAndSix.m */ = {isa = PBXFileReference; fileEncoding = 4; lastKnownFileType = sourcecode.c.objc; path = SixisCardOneAndSix.m; sourceTree = "<group>"; };
		89EFB4BF15A4969500D09240 /* SixisCardTwoAndFive.h */ = {isa = PBXFileReference; fileEncoding = 4; lastKnownFileType = sourcecode.c.h; path = SixisCardTwoAndFive.h; sourceTree = "<group>"; };
		89EFB4C015A4969600D09240 /* SixisCardTwoAndFive.m */ = {isa = PBXFileReference; fileEncoding = 4; lastKnownFileType = sourcecode.c.objc; path = SixisCardTwoAndFive.m; sourceTree = "<group>"; };
		89EFB4C215A496C400D09240 /* SixisCardThreeAndFour.h */ = {isa = PBXFileReference; fileEncoding = 4; lastKnownFileType = sourcecode.c.h; path = SixisCardThreeAndFour.h; sourceTree = "<group>"; };
		89EFB4C315A496C600D09240 /* SixisCardThreeAndFour.m */ = {isa = PBXFileReference; fileEncoding = 4; lastKnownFileType = sourcecode.c.objc; path = SixisCardThreeAndFour.m; sourceTree = "<group>"; };
		89EFB4C515A497F000D09240 /* SixisCardThreesAndFours.m */ = {isa = PBXFileReference; fileEncoding = 4; lastKnownFileType = sourcecode.c.objc; path = SixisCardThreesAndFours.m; sourceTree = "<group>"; };
		89EFB4D115A499A800D09240 /* SixisCardFourFours.h */ = {isa = PBXFileReference; fileEncoding = 4; lastKnownFileType = sourcecode.c.h; path = SixisCardFourFours.h; sourceTree = "<group>"; };
		89EFB4D215A499A800D09240 /* SixisCardFourFours.m */ = {isa = PBXFileReference; fileEncoding = 4; lastKnownFileType = sourcecode.c.objc; path = SixisCardFourFours.m; sourceTree = "<group>"; };
		89EFB4D515A499C400D09240 /* SixisCardFourFives.h */ = {isa = PBXFileReference; fileEncoding = 4; lastKnownFileType = sourcecode.c.h; path = SixisCardFourFives.h; sourceTree = "<group>"; };
		89EFB4D615A499C400D09240 /* SixisCardFourFives.m */ = {isa = PBXFileReference; fileEncoding = 4; lastKnownFileType = sourcecode.c.objc; path = SixisCardFourFives.m; sourceTree = "<group>"; };
		89EFB4D815A499E800D09240 /* SixisCardFourSixes.h */ = {isa = PBXFileReference; fileEncoding = 4; lastKnownFileType = sourcecode.c.h; path = SixisCardFourSixes.h; sourceTree = "<group>"; };
		89EFB4D915A499E800D09240 /* SixisCardFourSixes.m */ = {isa = PBXFileReference; fileEncoding = 4; lastKnownFileType = sourcecode.c.objc; path = SixisCardFourSixes.m; sourceTree = "<group>"; };
		89EFB4DB15A49A5700D09240 /* SixisCardDoubleThrees.h */ = {isa = PBXFileReference; fileEncoding = 4; lastKnownFileType = sourcecode.c.h; path = SixisCardDoubleThrees.h; sourceTree = "<group>"; };
		89EFB4DC15A49A5700D09240 /* SixisCardDoubleThrees.m */ = {isa = PBXFileReference; fileEncoding = 4; lastKnownFileType = sourcecode.c.objc; path = SixisCardDoubleThrees.m; sourceTree = "<group>"; };
		89EFB4DE15A49A9E00D09240 /* SixisCardDoubleFours.h */ = {isa = PBXFileReference; fileEncoding = 4; lastKnownFileType = sourcecode.c.h; path = SixisCardDoubleFours.h; sourceTree = "<group>"; };
		89EFB4DF15A49A9E00D09240 /* SixisCardDoubleFours.m */ = {isa = PBXFileReference; fileEncoding = 4; lastKnownFileType = sourcecode.c.objc; path = SixisCardDoubleFours.m; sourceTree = "<group>"; };
		89EFB4E115A49AC700D09240 /* SixisCardDoubleFives.h */ = {isa = PBXFileReference; fileEncoding = 4; lastKnownFileType = sourcecode.c.h; path = SixisCardDoubleFives.h; sourceTree = "<group>"; };
		89EFB4E215A49AC700D09240 /* SixisCardDoubleFives.m */ = {isa = PBXFileReference; fileEncoding = 4; lastKnownFileType = sourcecode.c.objc; path = SixisCardDoubleFives.m; sourceTree = "<group>"; };
		89EFB4E415A49AEC00D09240 /* SixisCardDoubleSixes.h */ = {isa = PBXFileReference; fileEncoding = 4; lastKnownFileType = sourcecode.c.h; path = SixisCardDoubleSixes.h; sourceTree = "<group>"; };
		89EFB4E515A49AEC00D09240 /* SixisCardDoubleSixes.m */ = {isa = PBXFileReference; fileEncoding = 4; lastKnownFileType = sourcecode.c.objc; path = SixisCardDoubleSixes.m; sourceTree = "<group>"; };
		89EFB4E715A49C0E00D09240 /* SixisCardFourThrees.h */ = {isa = PBXFileReference; fileEncoding = 4; lastKnownFileType = sourcecode.c.h; path = SixisCardFourThrees.h; sourceTree = "<group>"; };
		89EFB4E815A49C0E00D09240 /* SixisCardFourThrees.m */ = {isa = PBXFileReference; fileEncoding = 4; lastKnownFileType = sourcecode.c.objc; path = SixisCardFourThrees.m; sourceTree = "<group>"; };
		89EFB4EA15A4D30400D09240 /* SixisCardTwoFourSix.h */ = {isa = PBXFileReference; fileEncoding = 4; lastKnownFileType = sourcecode.c.h; path = SixisCardTwoFourSix.h; sourceTree = "<group>"; };
		89EFB4EB15A4D30500D09240 /* SixisCardTwoFourSix.m */ = {isa = PBXFileReference; fileEncoding = 4; lastKnownFileType = sourcecode.c.objc; path = SixisCardTwoFourSix.m; sourceTree = "<group>"; };
		89EFB4F915A50B7000D09240 /* SixisLogicTests.octest */ = {isa = PBXFileReference; explicitFileType = wrapper.cfbundle; includeInIndex = 0; path = SixisLogicTests.octest; sourceTree = BUILT_PRODUCTS_DIR; };
		89EFB4FA15A50B7000D09240 /* SenTestingKit.framework */ = {isa = PBXFileReference; lastKnownFileType = wrapper.framework; name = SenTestingKit.framework; path = Library/Frameworks/SenTestingKit.framework; sourceTree = DEVELOPER_DIR; };
		89EFB50015A50B7100D09240 /* SixisLogicTests-Info.plist */ = {isa = PBXFileReference; lastKnownFileType = text.plist.xml; path = "SixisLogicTests-Info.plist"; sourceTree = "<group>"; };
		89EFB50215A50B7100D09240 /* en */ = {isa = PBXFileReference; lastKnownFileType = text.plist.strings; name = en; path = en.lproj/InfoPlist.strings; sourceTree = "<group>"; };
		89EFB50415A50B7100D09240 /* SixisLogicTests.h */ = {isa = PBXFileReference; lastKnownFileType = sourcecode.c.h; path = SixisLogicTests.h; sourceTree = "<group>"; };
		89EFB50515A50B7100D09240 /* SixisLogicTests.m */ = {isa = PBXFileReference; lastKnownFileType = sourcecode.c.objc; path = SixisLogicTests.m; sourceTree = "<group>"; };
		89EFB50715A50B7100D09240 /* SixisLogicTests-Prefix.pch */ = {isa = PBXFileReference; lastKnownFileType = sourcecode.c.h; path = "SixisLogicTests-Prefix.pch"; sourceTree = "<group>"; };
/* End PBXFileReference section */

/* Begin PBXFrameworksBuildPhase section */
		89EFB3DD15926DAC00D09240 /* Frameworks */ = {
			isa = PBXFrameworksBuildPhase;
			buildActionMask = 2147483647;
			files = (
				89EFB3E515926DAC00D09240 /* UIKit.framework in Frameworks */,
				89EFB3E715926DAC00D09240 /* Foundation.framework in Frameworks */,
				89EFB3E915926DAC00D09240 /* CoreGraphics.framework in Frameworks */,
			);
			runOnlyForDeploymentPostprocessing = 0;
		};
		89EFB4F515A50B7000D09240 /* Frameworks */ = {
			isa = PBXFrameworksBuildPhase;
			buildActionMask = 2147483647;
			files = (
				89EFB4FB15A50B7100D09240 /* SenTestingKit.framework in Frameworks */,
				89EFB4FC15A50B7100D09240 /* UIKit.framework in Frameworks */,
				89EFB4FD15A50B7100D09240 /* Foundation.framework in Frameworks */,
			);
			runOnlyForDeploymentPostprocessing = 0;
		};
/* End PBXFrameworksBuildPhase section */

/* Begin PBXGroup section */
		89EFB3D515926DAB00D09240 = {
			isa = PBXGroup;
			children = (
				89EFB3EA15926DAC00D09240 /* Sixis */,
				89EFB4FE15A50B7100D09240 /* SixisLogicTests */,
				89EFB3E315926DAC00D09240 /* Frameworks */,
				89EFB3E115926DAC00D09240 /* Products */,
			);
			sourceTree = "<group>";
		};
		89EFB3E115926DAC00D09240 /* Products */ = {
			isa = PBXGroup;
			children = (
				89EFB3E015926DAC00D09240 /* Sixis.app */,
				89EFB4F915A50B7000D09240 /* SixisLogicTests.octest */,
			);
			name = Products;
			sourceTree = "<group>";
		};
		89EFB3E315926DAC00D09240 /* Frameworks */ = {
			isa = PBXGroup;
			children = (
				89EFB3E415926DAC00D09240 /* UIKit.framework */,
				89EFB3E615926DAC00D09240 /* Foundation.framework */,
				89EFB3E815926DAC00D09240 /* CoreGraphics.framework */,
				89EFB4FA15A50B7000D09240 /* SenTestingKit.framework */,
			);
			name = Frameworks;
			sourceTree = "<group>";
		};
		89EFB3EA15926DAC00D09240 /* Sixis */ = {
			isa = PBXGroup;
			children = (
				89EFB43D1596435900D09240 /* SixisGame.h */,
				89EFB43E1596435900D09240 /* SixisGame.m */,
				89EFB453159A21EC00D09240 /* SixisDie.h */,
				89EFB454159A21EE00D09240 /* SixisDie.m */,
				89EFB456159A2A4800D09240 /* SixisCard.h */,
				89EFB457159A2A4900D09240 /* SixisCard.m */,
				89EFB459159A3AF700D09240 /* Cards */,
				89EFB43A1596422C00D09240 /* Game Setup */,
				89EFB4391596420600D09240 /* Player */,
				89EFB3F315926DAD00D09240 /* SixisAppDelegate.h */,
				89EFB3F415926DAD00D09240 /* SixisAppDelegate.m */,
				89EFB43B159642FD00D09240 /* GameType */,
				89EFB43C1596430B00D09240 /* PlayersType */,
				89EFB3EB15926DAC00D09240 /* Supporting Files */,
			);
			name = Sixis;
			path = SixisTemp;
			sourceTree = "<group>";
		};
		89EFB3EB15926DAC00D09240 /* Supporting Files */ = {
			isa = PBXGroup;
			children = (
				89EFB3EC15926DAC00D09240 /* Sixis-Info.plist */,
				89EFB3ED15926DAC00D09240 /* InfoPlist.strings */,
				89EFB3F015926DAC00D09240 /* main.m */,
				89EFB3F215926DAD00D09240 /* Sixis-Prefix.pch */,
			);
			name = "Supporting Files";
			sourceTree = "<group>";
		};
		89EFB4391596420600D09240 /* Player */ = {
			isa = PBXGroup;
			children = (
				89EFB430159641D800D09240 /* SixisPlayer.h */,
				89EFB431159641D800D09240 /* SixisPlayer.m */,
				89EFB436159641F700D09240 /* SixisRobot.h */,
				89EFB437159641F700D09240 /* SixisRobot.m */,
				89EFB433159641ED00D09240 /* SixisHuman.h */,
				89EFB434159641ED00D09240 /* SixisHuman.m */,
			);
			name = Player;
			sourceTree = "<group>";
		};
		89EFB43A1596422C00D09240 /* Game Setup */ = {
			isa = PBXGroup;
			children = (
				89EFB440159646A300D09240 /* SixisNewGameInfo.h */,
				89EFB441159646A300D09240 /* SixisNewGameInfo.m */,
				89EFB3FB15926F0A00D09240 /* SixisChoosePlayerNumberViewController.h */,
				89EFB3FC15926F0A00D09240 /* SixisChoosePlayerNumberViewController.m */,
				89EFB4131595793600D09240 /* SixisPlayerSetupCell.h */,
				89EFB4141595793600D09240 /* SixisPlayerSetupCell.m */,
				89EFB404159572F800D09240 /* SixisTeamOrNotViewController.h */,
				89EFB405159572F800D09240 /* SixisTeamOrNotViewController.m */,
				89EFB406159572F800D09240 /* SixisTeamOrNotViewController.xib */,
				89EFB40E1595771B00D09240 /* SixisGameLengthViewController.h */,
				89EFB40F1595771B00D09240 /* SixisGameLengthViewController.m */,
				89EFB4101595771B00D09240 /* SixisGameLengthViewController.xib */,
				89EFB44515968EAF00D09240 /* SixisPlayerSetupViewController.h */,
				89EFB44615968EAF00D09240 /* SixisPlayerSetupViewController.m */,
				89EFB44715968EB000D09240 /* SixisPlayerSetupViewController.xib */,
				89EFB3FD15926F0A00D09240 /* SixisChoosePlayerNumberViewController.xib */,
				89EFB44A1596B22200D09240 /* SixisPlayerSetupCell.xib */,
			);
			name = "Game Setup";
			sourceTree = "<group>";
		};
		89EFB43B159642FD00D09240 /* GameType */ = {
			isa = PBXGroup;
			children = (
				89EFB41815963B7100D09240 /* SixisGameType.h */,
				89EFB41915963B7100D09240 /* SixisGameType.m */,
				89EFB41B15963BAF00D09240 /* SixisPointsGame.h */,
				89EFB41C15963BB000D09240 /* SixisPointsGame.m */,
				89EFB41E15963BBB00D09240 /* SixisRoundsGame.h */,
				89EFB41F15963BBB00D09240 /* SixisRoundsGame.m */,
			);
			name = GameType;
			sourceTree = "<group>";
		};
		89EFB43C1596430B00D09240 /* PlayersType */ = {
			isa = PBXGroup;
			children = (
				89EFB42115963E9300D09240 /* SixisPlayersType.h */,
				89EFB42215963E9300D09240 /* SixisPlayersType.m */,
				89EFB42415963ED500D09240 /* SixisTwoPlayers.h */,
				89EFB42515963ED500D09240 /* SixisTwoPlayers.m */,
				89EFB42A15963EED00D09240 /* SixisFourPlayers.h */,
				89EFB42B15963EED00D09240 /* SixisFourPlayers.m */,
				89EFB42715963EE200D09240 /* SixisThreePlayers.h */,
				89EFB42815963EE300D09240 /* SixisThreePlayers.m */,
			);
			name = PlayersType;
			sourceTree = "<group>";
		};
		89EFB459159A3AF700D09240 /* Cards */ = {
			isa = PBXGroup;
			children = (
				89EFB49B15A3E1FE00D09240 /* SixisCardAllDiceEven.h */,
				89EFB49C15A3E1FE00D09240 /* SixisCardAllDiceEven.m */,
				89EFB4A115A3ECC000D09240 /* SixisCardAllDiceOdd.h */,
				89EFB4A215A3ECC100D09240 /* SixisCardAllDiceOdd.m */,
				89EFB4E115A49AC700D09240 /* SixisCardDoubleFives.h */,
				89EFB4E215A49AC700D09240 /* SixisCardDoubleFives.m */,
				89EFB4DE15A49A9E00D09240 /* SixisCardDoubleFours.h */,
				89EFB4DF15A49A9E00D09240 /* SixisCardDoubleFours.m */,
				89EFB45A159A3B4A00D09240 /* SixisCardDoubleOnes.h */,
				89EFB45B159A3B4A00D09240 /* SixisCardDoubleOnes.m */,
				89EFB4E415A49AEC00D09240 /* SixisCardDoubleSixes.h */,
				89EFB4E515A49AEC00D09240 /* SixisCardDoubleSixes.m */,
				89EFB4DB15A49A5700D09240 /* SixisCardDoubleThrees.h */,
				89EFB4DC15A49A5700D09240 /* SixisCardDoubleThrees.m */,
				89EFB4EA15A4D30400D09240 /* SixisCardTwoFourSix.h */,
				89EFB4EB15A4D30500D09240 /* SixisCardTwoFourSix.m */,
				89EFB463159A4A9B00D09240 /* SixisCardDoubleTwos.h */,
				89EFB464159A4A9B00D09240 /* SixisCardDoubleTwos.m */,
				89EFB4D515A499C400D09240 /* SixisCardFourFives.h */,
				89EFB4D615A499C400D09240 /* SixisCardFourFives.m */,
				89EFB4D115A499A800D09240 /* SixisCardFourFours.h */,
				89EFB4D215A499A800D09240 /* SixisCardFourFours.m */,
				89EFB45D159A49E500D09240 /* SixisCardFourOnes.h */,
				89EFB45E159A49E500D09240 /* SixisCardFourOnes.m */,
				89EFB4D815A499E800D09240 /* SixisCardFourSixes.h */,
				89EFB4D915A499E800D09240 /* SixisCardFourSixes.m */,
				89EFB4E715A49C0E00D09240 /* SixisCardFourThrees.h */,
				89EFB4E815A49C0E00D09240 /* SixisCardFourThrees.m */,
				89EFB466159A4AA400D09240 /* SixisCardFourTwos.h */,
				89EFB467159A4AA500D09240 /* SixisCardFourTwos.m */,
				89EFB48615A3BD2500D09240 /* SixisCardFullHouse.h */,
				89EFB48715A3BD2500D09240 /* SixisCardFullHouse.m */,
				89EFB49215A3D6E800D09240 /* SixisCardHigh.h */,
				89EFB49315A3D6E800D09240 /* SixisCardHigh.m */,
				89EFB48C15A3D30D00D09240 /* SixisCardLow.h */,
				89EFB48D15A3D30D00D09240 /* SixisCardLow.m */,
				89EFB4BC15A4955F00D09240 /* SixisCardOneAndSix.h */,
				89EFB4BD15A4956000D09240 /* SixisCardOneAndSix.m */,
				89EFB4B915A4953B00D09240 /* SixisCardOnesAndSixes.h */,
				89EFB4BA15A4953C00D09240 /* SixisCardOnesAndSixes.m */,
				89EFB49E15A3EBBF00D09240 /* SixisCardOneThreeFive.h */,
				89EFB49F15A3EBBF00D09240 /* SixisCardOneThreeFive.m */,
				89EFB4AD15A3F1AB00D09240 /* SixisCardRun123.h */,
				89EFB4AE15A3F1AC00D09240 /* SixisCardRun123.m */,
				89EFB4A715A3EF0600D09240 /* SixisCardRun12345.h */,
				89EFB4A815A3EF0700D09240 /* SixisCardRun12345.m */,
				89EFB4AA15A3F18200D09240 /* SixisCardRun23456.h */,
				89EFB4AB15A3F18200D09240 /* SixisCardRun23456.m */,
				89EFB4B015A3F20200D09240 /* SixisCardRun456.h */,
				89EFB4B115A3F20200D09240 /* SixisCardRun456.m */,
				89EFB460159A4A5A00D09240 /* SixisCardSixis.h */,
				89EFB461159A4A5A00D09240 /* SixisCardSixis.m */,
				89EFB4C215A496C400D09240 /* SixisCardThreeAndFour.h */,
				89EFB4C315A496C600D09240 /* SixisCardThreeAndFour.m */,
				89EFB48215A3BC2C00D09240 /* SixisCardThreeOfAKind.h */,
				89EFB48315A3BC2C00D09240 /* SixisCardThreeOfAKind.m */,
				89EFB49515A3DB0800D09240 /* SixisCardThreePair.h */,
				89EFB49615A3DB0800D09240 /* SixisCardThreePair.m */,
				89EFB4B315A493CA00D09240 /* SixisCardThreesAndFours.h */,
				89EFB4C515A497F000D09240 /* SixisCardThreesAndFours.m */,
				89EFB4BF15A4969500D09240 /* SixisCardTwoAndFive.h */,
				89EFB4C015A4969600D09240 /* SixisCardTwoAndFive.m */,
				89EFB49815A3E17400D09240 /* SixisCardTwoPair.h */,
				89EFB49915A3E17400D09240 /* SixisCardTwoPair.m */,
				89EFB4B615A4947200D09240 /* SixisCardTwosAndFives.h */,
				89EFB4B715A4947200D09240 /* SixisCardTwosAndFives.m */,
				89EFB48F15A3D58600D09240 /* SixisCardVeryHigh.h */,
				89EFB49015A3D58700D09240 /* SixisCardVeryHigh.m */,
				89EFB48915A3CE2200D09240 /* SixisCardVeryLow.h */,
				89EFB48A15A3CE2300D09240 /* SixisCardVeryLow.m */,
				89EFB4A415A3EE5A00D09240 /* SixisTwoFourSix.h */,
				89EFB4A515A3EE5B00D09240 /* SixisTwoFourSix.m */,
			);
			name = Cards;
			sourceTree = "<group>";
		};
		89EFB4FE15A50B7100D09240 /* SixisLogicTests */ = {
			isa = PBXGroup;
			children = (
				89EFB50415A50B7100D09240 /* SixisLogicTests.h */,
				89EFB50515A50B7100D09240 /* SixisLogicTests.m */,
				89EFB4FF15A50B7100D09240 /* Supporting Files */,
			);
			path = SixisLogicTests;
			sourceTree = "<group>";
		};
		89EFB4FF15A50B7100D09240 /* Supporting Files */ = {
			isa = PBXGroup;
			children = (
				89EFB50015A50B7100D09240 /* SixisLogicTests-Info.plist */,
				89EFB50115A50B7100D09240 /* InfoPlist.strings */,
				89EFB50715A50B7100D09240 /* SixisLogicTests-Prefix.pch */,
			);
			name = "Supporting Files";
			sourceTree = "<group>";
		};
/* End PBXGroup section */

/* Begin PBXNativeTarget section */
		89EFB3DF15926DAC00D09240 /* Sixis */ = {
			isa = PBXNativeTarget;
			buildConfigurationList = 89EFB3F815926DAD00D09240 /* Build configuration list for PBXNativeTarget "Sixis" */;
			buildPhases = (
				89EFB3DC15926DAC00D09240 /* Sources */,
				89EFB3DD15926DAC00D09240 /* Frameworks */,
				89EFB3DE15926DAC00D09240 /* Resources */,
			);
			buildRules = (
			);
			dependencies = (
			);
			name = Sixis;
			productName = SixisTemp;
			productReference = 89EFB3E015926DAC00D09240 /* Sixis.app */;
			productType = "com.apple.product-type.application";
		};
		89EFB4F815A50B7000D09240 /* SixisLogicTests */ = {
			isa = PBXNativeTarget;
			buildConfigurationList = 89EFB50A15A50B7100D09240 /* Build configuration list for PBXNativeTarget "SixisLogicTests" */;
			buildPhases = (
				89EFB4F415A50B7000D09240 /* Sources */,
				89EFB4F515A50B7000D09240 /* Frameworks */,
				89EFB4F615A50B7000D09240 /* Resources */,
				89EFB4F715A50B7000D09240 /* ShellScript */,
			);
			buildRules = (
			);
			dependencies = (
				8943560115A5E97D009E3C79 /* PBXTargetDependency */,
			);
			name = SixisLogicTests;
			productName = SixisLogicTests;
			productReference = 89EFB4F915A50B7000D09240 /* SixisLogicTests.octest */;
			productType = "com.apple.product-type.bundle";
		};
/* End PBXNativeTarget section */

/* Begin PBXProject section */
		89EFB3D715926DAC00D09240 /* Project object */ = {
			isa = PBXProject;
			attributes = {
				CLASSPREFIX = Sixis;
				LastUpgradeCheck = 0430;
				ORGANIZATIONNAME = "Appleseed Software Consulting";
			};
			buildConfigurationList = 89EFB3DA15926DAC00D09240 /* Build configuration list for PBXProject "Sixis" */;
			compatibilityVersion = "Xcode 3.2";
			developmentRegion = English;
			hasScannedForEncodings = 0;
			knownRegions = (
				en,
			);
			mainGroup = 89EFB3D515926DAB00D09240;
			productRefGroup = 89EFB3E115926DAC00D09240 /* Products */;
			projectDirPath = "";
			projectRoot = "";
			targets = (
				89EFB3DF15926DAC00D09240 /* Sixis */,
				89EFB4F815A50B7000D09240 /* SixisLogicTests */,
			);
		};
/* End PBXProject section */

/* Begin PBXResourcesBuildPhase section */
		89EFB3DE15926DAC00D09240 /* Resources */ = {
			isa = PBXResourcesBuildPhase;
			buildActionMask = 2147483647;
			files = (
				89EFB3EF15926DAC00D09240 /* InfoPlist.strings in Resources */,
				89EFB3FF15926F0A00D09240 /* SixisChoosePlayerNumberViewController.xib in Resources */,
				89EFB408159572F800D09240 /* SixisTeamOrNotViewController.xib in Resources */,
				89EFB4121595771B00D09240 /* SixisGameLengthViewController.xib in Resources */,
				89EFB44915968EB000D09240 /* SixisPlayerSetupViewController.xib in Resources */,
				89EFB44B1596B22200D09240 /* SixisPlayerSetupCell.xib in Resources */,
			);
			runOnlyForDeploymentPostprocessing = 0;
		};
		89EFB4F615A50B7000D09240 /* Resources */ = {
			isa = PBXResourcesBuildPhase;
			buildActionMask = 2147483647;
			files = (
				89EFB50315A50B7100D09240 /* InfoPlist.strings in Resources */,
			);
			runOnlyForDeploymentPostprocessing = 0;
		};
/* End PBXResourcesBuildPhase section */

/* Begin PBXShellScriptBuildPhase section */
		89EFB4F715A50B7000D09240 /* ShellScript */ = {
			isa = PBXShellScriptBuildPhase;
			buildActionMask = 2147483647;
			files = (
			);
			inputPaths = (
			);
			outputPaths = (
			);
			runOnlyForDeploymentPostprocessing = 0;
			shellPath = /bin/sh;
			shellScript = "# Run the unit tests in this test bundle.\n\"${SYSTEM_DEVELOPER_DIR}/Tools/RunUnitTests\"\n";
		};
/* End PBXShellScriptBuildPhase section */

/* Begin PBXSourcesBuildPhase section */
		89EFB3DC15926DAC00D09240 /* Sources */ = {
			isa = PBXSourcesBuildPhase;
			buildActionMask = 2147483647;
			files = (
				89EFB3F115926DAC00D09240 /* main.m in Sources */,
				89EFB3F515926DAD00D09240 /* SixisAppDelegate.m in Sources */,
				89EFB3FE15926F0A00D09240 /* SixisChoosePlayerNumberViewController.m in Sources */,
				89EFB407159572F800D09240 /* SixisTeamOrNotViewController.m in Sources */,
				89EFB4111595771B00D09240 /* SixisGameLengthViewController.m in Sources */,
				89EFB4151595793600D09240 /* SixisPlayerSetupCell.m in Sources */,
				89EFB41A15963B7100D09240 /* SixisGameType.m in Sources */,
				89EFB41D15963BB000D09240 /* SixisPointsGame.m in Sources */,
				89EFB42015963BBB00D09240 /* SixisRoundsGame.m in Sources */,
				89EFB42315963E9300D09240 /* SixisPlayersType.m in Sources */,
				89EFB42615963ED600D09240 /* SixisTwoPlayers.m in Sources */,
				89EFB42915963EE300D09240 /* SixisThreePlayers.m in Sources */,
				89EFB42C15963EED00D09240 /* SixisFourPlayers.m in Sources */,
				89EFB432159641D900D09240 /* SixisPlayer.m in Sources */,
				89EFB435159641EE00D09240 /* SixisHuman.m in Sources */,
				89EFB438159641F800D09240 /* SixisRobot.m in Sources */,
				89EFB43F1596435900D09240 /* SixisGame.m in Sources */,
				89EFB442159646A300D09240 /* SixisNewGameInfo.m in Sources */,
				89EFB44815968EB000D09240 /* SixisPlayerSetupViewController.m in Sources */,
				89EFB455159A21F100D09240 /* SixisDie.m in Sources */,
				89EFB458159A2A4B00D09240 /* SixisCard.m in Sources */,
				89EFB45C159A3B4A00D09240 /* SixisCardDoubleOnes.m in Sources */,
				89EFB45F159A49E500D09240 /* SixisCardFourOnes.m in Sources */,
				89EFB462159A4A5A00D09240 /* SixisCardSixis.m in Sources */,
				89EFB465159A4A9B00D09240 /* SixisCardDoubleTwos.m in Sources */,
				89EFB468159A4AA600D09240 /* SixisCardFourTwos.m in Sources */,
				89EFB48415A3BC2C00D09240 /* SixisCardThreeOfAKind.m in Sources */,
				89EFB48815A3BD2500D09240 /* SixisCardFullHouse.m in Sources */,
				89EFB48B15A3CE2300D09240 /* SixisCardVeryLow.m in Sources */,
				89EFB48E15A3D30D00D09240 /* SixisCardLow.m in Sources */,
				89EFB49115A3D58700D09240 /* SixisCardVeryHigh.m in Sources */,
				89EFB49415A3D6E800D09240 /* SixisCardHigh.m in Sources */,
				89EFB49715A3DB0800D09240 /* SixisCardThreePair.m in Sources */,
				89EFB49A15A3E17400D09240 /* SixisCardTwoPair.m in Sources */,
				89EFB49D15A3E1FE00D09240 /* SixisCardAllDiceEven.m in Sources */,
				89EFB4A015A3EBBF00D09240 /* SixisCardOneThreeFive.m in Sources */,
				89EFB4A315A3ECC100D09240 /* SixisCardAllDiceOdd.m in Sources */,
				89EFB4A615A3EE5B00D09240 /* SixisTwoFourSix.m in Sources */,
				89EFB4A915A3EF0700D09240 /* SixisCardRun12345.m in Sources */,
				89EFB4AC15A3F18300D09240 /* SixisCardRun23456.m in Sources */,
				89EFB4AF15A3F1AC00D09240 /* SixisCardRun123.m in Sources */,
				89EFB4B215A3F20300D09240 /* SixisCardRun456.m in Sources */,
				89EFB4B815A4947400D09240 /* SixisCardTwosAndFives.m in Sources */,
				89EFB4BB15A4953D00D09240 /* SixisCardOnesAndSixes.m in Sources */,
				89EFB4BE15A4956100D09240 /* SixisCardOneAndSix.m in Sources */,
				89EFB4C115A4969700D09240 /* SixisCardTwoAndFive.m in Sources */,
				89EFB4C415A496C700D09240 /* SixisCardThreeAndFour.m in Sources */,
				89EFB4C615A497F200D09240 /* SixisCardThreesAndFours.m in Sources */,
				89EFB4D315A499A800D09240 /* SixisCardFourFours.m in Sources */,
				89EFB4D715A499C400D09240 /* SixisCardFourFives.m in Sources */,
				89EFB4DA15A499E900D09240 /* SixisCardFourSixes.m in Sources */,
				89EFB4DD15A49A5700D09240 /* SixisCardDoubleThrees.m in Sources */,
				89EFB4E015A49A9F00D09240 /* SixisCardDoubleFours.m in Sources */,
				89EFB4E315A49AC800D09240 /* SixisCardDoubleFives.m in Sources */,
				89EFB4E615A49AED00D09240 /* SixisCardDoubleSixes.m in Sources */,
				89EFB4E915A49C0F00D09240 /* SixisCardFourThrees.m in Sources */,
				89EFB4EC15A4D30700D09240 /* SixisCardTwoFourSix.m in Sources */,
			);
			runOnlyForDeploymentPostprocessing = 0;
		};
		89EFB4F415A50B7000D09240 /* Sources */ = {
			isa = PBXSourcesBuildPhase;
			buildActionMask = 2147483647;
			files = (
				89EFB50615A50B7100D09240 /* SixisLogicTests.m in Sources */,
			);
			runOnlyForDeploymentPostprocessing = 0;
		};
/* End PBXSourcesBuildPhase section */

/* Begin PBXTargetDependency section */
		8943560115A5E97D009E3C79 /* PBXTargetDependency */ = {
			isa = PBXTargetDependency;
			target = 89EFB3DF15926DAC00D09240 /* Sixis */;
			targetProxy = 8943560015A5E97D009E3C79 /* PBXContainerItemProxy */;
		};
/* End PBXTargetDependency section */

/* Begin PBXVariantGroup section */
		89EFB3ED15926DAC00D09240 /* InfoPlist.strings */ = {
			isa = PBXVariantGroup;
			children = (
				89EFB3EE15926DAC00D09240 /* en */,
			);
			name = InfoPlist.strings;
			sourceTree = "<group>";
		};
		89EFB50115A50B7100D09240 /* InfoPlist.strings */ = {
			isa = PBXVariantGroup;
			children = (
				89EFB50215A50B7100D09240 /* en */,
			);
			name = InfoPlist.strings;
			sourceTree = "<group>";
		};
/* End PBXVariantGroup section */

/* Begin XCBuildConfiguration section */
		89EFB3F615926DAD00D09240 /* Debug */ = {
			isa = XCBuildConfiguration;
			buildSettings = {
				ALWAYS_SEARCH_USER_PATHS = NO;
				ARCHS = "$(ARCHS_STANDARD_32_BIT)";
				CLANG_ENABLE_OBJC_ARC = YES;
				"CODE_SIGN_IDENTITY[sdk=iphoneos*]" = "iPhone Developer";
				COPY_PHASE_STRIP = NO;
				GCC_C_LANGUAGE_STANDARD = gnu99;
				GCC_DYNAMIC_NO_PIC = NO;
				GCC_OPTIMIZATION_LEVEL = 0;
				GCC_PREPROCESSOR_DEFINITIONS = (
					"DEBUG=1",
					"$(inherited)",
				);
				GCC_SYMBOLS_PRIVATE_EXTERN = NO;
				GCC_VERSION = com.apple.compilers.llvm.clang.1_0;
				GCC_WARN_ABOUT_RETURN_TYPE = YES;
				GCC_WARN_UNINITIALIZED_AUTOS = YES;
				GCC_WARN_UNUSED_VARIABLE = YES;
				IPHONEOS_DEPLOYMENT_TARGET = 5.1;
				SDKROOT = iphoneos;
				TARGETED_DEVICE_FAMILY = 2;
			};
			name = Debug;
		};
		89EFB3F715926DAD00D09240 /* Release */ = {
			isa = XCBuildConfiguration;
			buildSettings = {
				ALWAYS_SEARCH_USER_PATHS = NO;
				ARCHS = "$(ARCHS_STANDARD_32_BIT)";
				CLANG_ENABLE_OBJC_ARC = YES;
				"CODE_SIGN_IDENTITY[sdk=iphoneos*]" = "iPhone Developer";
				COPY_PHASE_STRIP = YES;
				GCC_C_LANGUAGE_STANDARD = gnu99;
				GCC_VERSION = com.apple.compilers.llvm.clang.1_0;
				GCC_WARN_ABOUT_RETURN_TYPE = YES;
				GCC_WARN_UNINITIALIZED_AUTOS = YES;
				GCC_WARN_UNUSED_VARIABLE = YES;
				IPHONEOS_DEPLOYMENT_TARGET = 5.1;
				OTHER_CFLAGS = "-DNS_BLOCK_ASSERTIONS=1";
				SDKROOT = iphoneos;
				TARGETED_DEVICE_FAMILY = 2;
				VALIDATE_PRODUCT = YES;
			};
			name = Release;
		};
		89EFB3F915926DAD00D09240 /* Debug */ = {
			isa = XCBuildConfiguration;
			buildSettings = {
				GCC_PRECOMPILE_PREFIX_HEADER = YES;
				GCC_PREFIX_HEADER = "SixisTemp/Sixis-Prefix.pch";
				INFOPLIST_FILE = "SixisTemp/Sixis-Info.plist";
				PRODUCT_NAME = Sixis;
				WRAPPER_EXTENSION = app;
			};
			name = Debug;
		};
		89EFB3FA15926DAD00D09240 /* Release */ = {
			isa = XCBuildConfiguration;
			buildSettings = {
				GCC_PRECOMPILE_PREFIX_HEADER = YES;
				GCC_PREFIX_HEADER = "SixisTemp/Sixis-Prefix.pch";
				INFOPLIST_FILE = "SixisTemp/Sixis-Info.plist";
				PRODUCT_NAME = Sixis;
				WRAPPER_EXTENSION = app;
			};
			name = Release;
		};
		89EFB50815A50B7100D09240 /* Debug */ = {
			isa = XCBuildConfiguration;
			buildSettings = {
				BUNDLE_LOADER = "$(BUILT_PRODUCTS_DIR)/Sixis.app/Sixis";
				FRAMEWORK_SEARCH_PATHS = (
					"$(SDKROOT)/Developer/Library/Frameworks",
					"$(DEVELOPER_LIBRARY_DIR)/Frameworks",
				);
				GCC_PRECOMPILE_PREFIX_HEADER = YES;
				GCC_PREFIX_HEADER = "SixisLogicTests/SixisLogicTests-Prefix.pch";
				INFOPLIST_FILE = "SixisLogicTests/SixisLogicTests-Info.plist";
				PRODUCT_NAME = "$(TARGET_NAME)";
				TEST_HOST = "$(BUNDLE_LOADER)";
				WRAPPER_EXTENSION = octest;
			};
			name = Debug;
		};
		89EFB50915A50B7100D09240 /* Release */ = {
			isa = XCBuildConfiguration;
			buildSettings = {
				FRAMEWORK_SEARCH_PATHS = (
					"$(SDKROOT)/Developer/Library/Frameworks",
					"$(DEVELOPER_LIBRARY_DIR)/Frameworks",
				);
				GCC_PRECOMPILE_PREFIX_HEADER = YES;
				GCC_PREFIX_HEADER = "SixisLogicTests/SixisLogicTests-Prefix.pch";
				INFOPLIST_FILE = "SixisLogicTests/SixisLogicTests-Info.plist";
				PRODUCT_NAME = "$(TARGET_NAME)";
				WRAPPER_EXTENSION = octest;
			};
			name = Release;
		};
/* End XCBuildConfiguration section */

/* Begin XCConfigurationList section */
		89EFB3DA15926DAC00D09240 /* Build configuration list for PBXProject "Sixis" */ = {
			isa = XCConfigurationList;
			buildConfigurations = (
				89EFB3F615926DAD00D09240 /* Debug */,
				89EFB3F715926DAD00D09240 /* Release */,
			);
			defaultConfigurationIsVisible = 0;
			defaultConfigurationName = Release;
		};
		89EFB3F815926DAD00D09240 /* Build configuration list for PBXNativeTarget "Sixis" */ = {
			isa = XCConfigurationList;
			buildConfigurations = (
				89EFB3F915926DAD00D09240 /* Debug */,
				89EFB3FA15926DAD00D09240 /* Release */,
			);
			defaultConfigurationIsVisible = 0;
			defaultConfigurationName = Release;
		};
		89EFB50A15A50B7100D09240 /* Build configuration list for PBXNativeTarget "SixisLogicTests" */ = {
			isa = XCConfigurationList;
			buildConfigurations = (
				89EFB50815A50B7100D09240 /* Debug */,
				89EFB50915A50B7100D09240 /* Release */,
			);
			defaultConfigurationIsVisible = 0;
			defaultConfigurationName = Release;
		};
/* End XCConfigurationList section */
	};
	rootObject = 89EFB3D715926DAC00D09240 /* Project object */;
}
